
Microsoft Visual Studio Solution File, Format Version 12.00
# Visual Studio 15
VisualStudioVersion = 15.0.27703.2042
MinimumVisualStudioVersion = 10.0.40219.1
Project("{FAE04EC0-301F-11D3-BF4B-00C04F79EFBC}") = "YanyingZhang_Lab07_Sec-02", "YanyingZhang_Lab07_Sec-02\YanyingZhang_Lab07_Sec-02.csproj", "{47D1A9B4-E3F4-4463-88E4-33F0DE05BCE5}"
EndProject
Global
	GlobalSection(SolutionConfigurationPlatforms) = preSolution
		Debug|Any CPU = Debug|Any CPU
		Release|Any CPU = Release|Any CPU
	EndGlobalSection
	GlobalSection(ProjectConfigurationPlatforms) = postSolution
		{47D1A9B4-E3F4-4463-88E4-33F0DE05BCE5}.Debug|Any CPU.ActiveCfg = Debug|Any CPU
		{47D1A9B4-E3F4-4463-88E4-33F0DE05BCE5}.Debug|Any CPU.Build.0 = Debug|Any CPU
		{47D1A9B4-E3F4-4463-88E4-33F0DE05BCE5}.Release|Any CPU.ActiveCfg = Release|Any CPU
		{47D1A9B4-E3F4-4463-88E4-33F0DE05BCE5}.Release|Any CPU.Build.0 = Release|Any CPU
	EndGlobalSection
	GlobalSection(SolutionProperties) = preSolution
		HideSolutionNode = FALSE
	EndGlobalSection
	GlobalSection(ExtensibilityGlobals) = postSolution
		SolutionGuid = {64FF26FC-58F3-4BCA-981B-DAACED5E3F0C}
	EndGlobalSection
EndGlobal
